{
  "name": "mdtohtml",
  "version": "1.0.0",
  "lockfileVersion": 1,
  "requires": true,
  "dependencies": {
    "commander": {
      "version": "2.19.0",
      "resolved": "http://10.205.8.49:9000/repository/npm-group/commander/-/commander-2.19.0.tgz",
      "integrity": "sha1-9hmKqE5bg8RgVLlN3tv+1e6f8So="
    },
    "ejs": {
      "version": "2.6.1",
      "resolved": "http://10.205.8.49:9000/repository/npm-group/ejs/-/ejs-2.6.1.tgz",
      "integrity": "sha1-SY7A1JVlWrxvI81hho2SZGQHGqA="
    },
    "highlight.js": {
      "version": "9.15.6",
      "resolved": "http://10.205.8.49:9000/repository/npm-group/highlight.js/-/highlight.js-9.15.6.tgz",
      "integrity": "sha1-ctTY13nsBmr5oXyxQ2DD3vCqV8Q="
    },
    "katex": {
      "version": "0.10.1",
      "resolved": "http://10.205.8.49:9000/repository/npm-group/katex/-/katex-0.10.1.tgz",
      "integrity": "sha1-W7C3K/Gc7PwfohepJhdg5dMB7/8=",
      "requires": {
        "commander": "^2.19.0"
      }
    }
  }
}
