{
  "name": "mdtohtml",
  "version": "1.0.0",
  "lockfileVersion": 1,
  "requires": true,
  "dependencies": {
    "ejs": {
      "version": "2.6.1",
      "resolved": "http://10.205.8.49:9000/repository/npm-group/ejs/-/ejs-2.6.1.tgz",
      "integrity": "sha1-SY7A1JVlWrxvI81hho2SZGQHGqA="
    },
    "marked": {
      "version": "0.6.1",
      "resolved": "http://10.205.8.49:9000/repository/npm-group/marked/-/marked-0.6.1.tgz",
      "integrity": "sha1-pjrd3kd7ypYTAo3ksrw2KeU6BWI="
    }
  }
}
